
Microsoft Visual Studio Solution File, Format Version 12.00
# Visual Studio Version 17
VisualStudioVersion = 17.0.31903.59
MinimumVisualStudioVersion = 10.0.40219.1
Project("{FAE04EC0-301F-11D3-BF4B-00C04F79EFBC}") = "WebsocketPipeLineFilter", "WebsocketPipeLineFilter\WebsocketPipeLineFilter.csproj", "{A7810728-3EEE-4073-9855-EFDF7ABD504A}"
EndProject
Project("{FAE04EC0-301F-11D3-BF4B-00C04F79EFBC}") = "WebsocketClient", "WebsocketClient\WebsocketClient.csproj", "{2A40D2BD-2358-42A0-9293-769FC1366CF5}"
EndProject
Global
	GlobalSection(SolutionConfigurationPlatforms) = preSolution
		Debug|Any CPU = Debug|Any CPU
		Release|Any CPU = Release|Any CPU
	EndGlobalSection
	GlobalSection(SolutionProperties) = preSolution
		HideSolutionNode = FALSE
	EndGlobalSection
	GlobalSection(ProjectConfigurationPlatforms) = postSolution
		{A7810728-3EEE-4073-9855-EFDF7ABD504A}.Debug|Any CPU.ActiveCfg = Debug|Any CPU
		{A7810728-3EEE-4073-9855-EFDF7ABD504A}.Debug|Any CPU.Build.0 = Debug|Any CPU
		{A7810728-3EEE-4073-9855-EFDF7ABD504A}.Release|Any CPU.ActiveCfg = Release|Any CPU
		{A7810728-3EEE-4073-9855-EFDF7ABD504A}.Release|Any CPU.Build.0 = Release|Any CPU
		{2A40D2BD-2358-42A0-9293-769FC1366CF5}.Debug|Any CPU.ActiveCfg = Debug|Any CPU
		{2A40D2BD-2358-42A0-9293-769FC1366CF5}.Debug|Any CPU.Build.0 = Debug|Any CPU
		{2A40D2BD-2358-42A0-9293-769FC1366CF5}.Release|Any CPU.ActiveCfg = Release|Any CPU
		{2A40D2BD-2358-42A0-9293-769FC1366CF5}.Release|Any CPU.Build.0 = Release|Any CPU
	EndGlobalSection
EndGlobal
